// !$*UTF8*$!
{
	archiveVersion = 1;
	classes = {
	};
	objectVersion = 46;
	objects = {

/* Begin PBXBuildFile section */
		1F6E5ACC44DCC26165C4CA97 /* ATConnect.h in Headers */ = {isa = PBXBuildFile; fileRef = 1C97A2B57B58273CABC6B6DA /* ATConnect.h */; };
		1FEE96253574BDC6496EFA38 /* StoreKit.framework in Frameworks */ = {isa = PBXBuildFile; fileRef = 95BC1F0D19A6AF82BB815DB5 /* StoreKit.framework */; };
		20FDEB7291DC41A5781A50B5 /* CoreData.framework in Frameworks */ = {isa = PBXBuildFile; fileRef = A3EBBAB03CEC38B52F93A9B7 /* CoreData.framework */; };
		20FF7CCE0D3FBDCC62E52EBF /* libApptentiveConnect.a in Frameworks */ = {isa = PBXBuildFile; fileRef = 7AD1B6F33823960FD4700E6F /* libApptentiveConnect.a */; };
		446CE7D843DF3CFF1E4745D5 /* UIKit.framework in Frameworks */ = {isa = PBXBuildFile; fileRef = 180BDACFC3FF723B1D5D55B6 /* UIKit.framework */; };
		4922FA949EF121D12C08881B /* SystemConfiguration.framework in Frameworks */ = {isa = PBXBuildFile; fileRef = 6E64CF7AFECED52495F44211 /* SystemConfiguration.framework */; };
		4CA436E7320E6235D2CB402B /* README.md in Sources */ = {isa = PBXBuildFile; fileRef = D61B8D7F3DD78602C4F0CB0E /* README.md */; };
		5300FD631AF1AD5F004F0889 /* NewSwitchVC.m in Sources */ = {isa = PBXBuildFile; fileRef = 5300FD621AF1AD5F004F0889 /* NewSwitchVC.m */; };
		53177D911AE71B8A00056724 /* HomeVC.m in Sources */ = {isa = PBXBuildFile; fileRef = 53177D901AE71B8A00056724 /* HomeVC.m */; };
		53177D9A1AE8A75700056724 /* DataManager.m in Sources */ = {isa = PBXBuildFile; fileRef = 53177D991AE8A75700056724 /* DataManager.m */; };
		53188E2E1AE6F79500AFB44C /* Bolts.framework in Frameworks */ = {isa = PBXBuildFile; fileRef = 53188E2C1AE6F79500AFB44C /* Bolts.framework */; };
		53188E2F1AE6F79500AFB44C /* Parse.framework in Frameworks */ = {isa = PBXBuildFile; fileRef = 53188E2D1AE6F79500AFB44C /* Parse.framework */; };
		53188E3B1AE6F80100AFB44C /* AudioToolbox.framework in Frameworks */ = {isa = PBXBuildFile; fileRef = 53188E301AE6F80100AFB44C /* AudioToolbox.framework */; };
		53188E3C1AE6F80100AFB44C /* CFNetwork.framework in Frameworks */ = {isa = PBXBuildFile; fileRef = 53188E311AE6F80100AFB44C /* CFNetwork.framework */; };
		53188E3D1AE6F80100AFB44C /* CoreGraphics.framework in Frameworks */ = {isa = PBXBuildFile; fileRef = 53188E321AE6F80100AFB44C /* CoreGraphics.framework */; };
		53188E3E1AE6F80100AFB44C /* CoreLocation.framework in Frameworks */ = {isa = PBXBuildFile; fileRef = 53188E331AE6F80100AFB44C /* CoreLocation.framework */; };
		53188E3F1AE6F80100AFB44C /* libsqlite3.dylib in Frameworks */ = {isa = PBXBuildFile; fileRef = 53188E341AE6F80100AFB44C /* libsqlite3.dylib */; };
		53188E401AE6F80100AFB44C /* libz.dylib in Frameworks */ = {isa = PBXBuildFile; fileRef = 53188E351AE6F80100AFB44C /* libz.dylib */; };
		53188E411AE6F80100AFB44C /* MobileCoreServices.framework in Frameworks */ = {isa = PBXBuildFile; fileRef = 53188E361AE6F80100AFB44C /* MobileCoreServices.framework */; };
		53188E421AE6F80100AFB44C /* QuartzCore.framework in Frameworks */ = {isa = PBXBuildFile; fileRef = 53188E371AE6F80100AFB44C /* QuartzCore.framework */; };
		53188E431AE6F80100AFB44C /* Security.framework in Frameworks */ = {isa = PBXBuildFile; fileRef = 53188E381AE6F80100AFB44C /* Security.framework */; };
		53188E441AE6F80100AFB44C /* StoreKit.framework in Frameworks */ = {isa = PBXBuildFile; fileRef = 53188E391AE6F80100AFB44C /* StoreKit.framework */; };
		53188E451AE6F80100AFB44C /* SystemConfiguration.framework in Frameworks */ = {isa = PBXBuildFile; fileRef = 53188E3A1AE6F80100AFB44C /* SystemConfiguration.framework */; };
		53412D471ACC9737009CB1AB /* main.m in Sources */ = {isa = PBXBuildFile; fileRef = 53412D461ACC9737009CB1AB /* main.m */; };
		53412D4A1ACC9737009CB1AB /* AppDelegate.m in Sources */ = {isa = PBXBuildFile; fileRef = 53412D491ACC9737009CB1AB /* AppDelegate.m */; };
		53412D501ACC9737009CB1AB /* Main.storyboard in Resources */ = {isa = PBXBuildFile; fileRef = 53412D4E1ACC9737009CB1AB /* Main.storyboard */; };
		53412D521ACC9737009CB1AB /* Images.xcassets in Resources */ = {isa = PBXBuildFile; fileRef = 53412D511ACC9737009CB1AB /* Images.xcassets */; };
		53412D551ACC9737009CB1AB /* LaunchScreen.xib in Resources */ = {isa = PBXBuildFile; fileRef = 53412D531ACC9737009CB1AB /* LaunchScreen.xib */; };
		53412D611ACC9737009CB1AB /* switchTests.m in Sources */ = {isa = PBXBuildFile; fileRef = 53412D601ACC9737009CB1AB /* switchTests.m */; };
		53412D6E1ACCA268009CB1AB /* CoreBluetooth.framework in Frameworks */ = {isa = PBXBuildFile; fileRef = 53412D6D1ACCA268009CB1AB /* CoreBluetooth.framework */; };
		534B4D741BC9C11900AF67E7 /* EngageConnector.m in Sources */ = {isa = PBXBuildFile; fileRef = 534B4D731BC9C11900AF67E7 /* EngageConnector.m */; };
		534B4D771BC9C24800AF67E7 /* EngageFunction.m in Sources */ = {isa = PBXBuildFile; fileRef = 534B4D761BC9C24800AF67E7 /* EngageFunction.m */; };
		534B4D7A1BC9C2E500AF67E7 /* EngageSerialCommand.m in Sources */ = {isa = PBXBuildFile; fileRef = 534B4D791BC9C2E500AF67E7 /* EngageSerialCommand.m */; };
		534B4D7D1BC9CB1F00AF67E7 /* EngageAccessory.m in Sources */ = {isa = PBXBuildFile; fileRef = 534B4D7C1BC9CB1F00AF67E7 /* EngageAccessory.m */; };
		5362594A1BC9AD4C00038B13 /* EngageUnit.m in Sources */ = {isa = PBXBuildFile; fileRef = 536259491BC9AD4C00038B13 /* EngageUnit.m */; };
		537DF3B11AF04AC6005BB1EB /* SwitchEditVC.m in Sources */ = {isa = PBXBuildFile; fileRef = 537DF3B01AF04AC6005BB1EB /* SwitchEditVC.m */; };
		53A73C771B37C46D00424266 /* Accessory.json in Resources */ = {isa = PBXBuildFile; fileRef = 53A73C731B37C46D00424266 /* Accessory.json */; };
		53A73C781B37C46D00424266 /* AccessoryFunction.json in Resources */ = {isa = PBXBuildFile; fileRef = 53A73C741B37C46D00424266 /* AccessoryFunction.json */; };
		53A73C7A1B37C46D00424266 /* Connector.json in Resources */ = {isa = PBXBuildFile; fileRef = 53A73C761B37C46D00424266 /* Connector.json */; };
		53A73C7C1B37C70B00424266 /* SerialCommand.json in Resources */ = {isa = PBXBuildFile; fileRef = 53A73C7B1B37C70B00424266 /* SerialCommand.json */; };
		53E825A71ACE073400ADD347 /* BluetoothComm.m in Sources */ = {isa = PBXBuildFile; fileRef = 53E825A61ACE073400ADD347 /* BluetoothComm.m */; };
		5B81003DCE8361AE635755DB /* LICENSE.txt in Sources */ = {isa = PBXBuildFile; fileRef = 6E98CE155F3E8C4D4633C354 /* LICENSE.txt */; };
		5BE6A696C09DDFA897138D72 /* Accelerate.framework in Frameworks */ = {isa = PBXBuildFile; fileRef = 85963531BC476259C1402DDD /* Accelerate.framework */; };
		688863C4B1D62ECBD476BBC4 /* ApptentiveResources.bundle in Resources */ = {isa = PBXBuildFile; fileRef = 6A347BAE06EB44B48F6A943D /* ApptentiveResources.bundle */; };
		7215AE6C6171ADB330148009 /* CoreGraphics.framework in Frameworks */ = {isa = PBXBuildFile; fileRef = 9B5CCB7C7BFF8C53AD817C26 /* CoreGraphics.framework */; };
		9D85BE64943F41255B9DCD00 /* CHANGELOG.md in Sources */ = {isa = PBXBuildFile; fileRef = 4AC7C17BF768B5DDFF1F343A /* CHANGELOG.md */; };
		A79AFB843BFDF1C67A38CE93 /* QuartzCore.framework in Frameworks */ = {isa = PBXBuildFile; fileRef = 954E69E59EA18C3D7B03D880 /* QuartzCore.framework */; };
		D213EAA6490A7E4818FB16C3 /* Foundation.framework in Frameworks */ = {isa = PBXBuildFile; fileRef = 498185214222B58E9B26436A /* Foundation.framework */; };
		D5D1AB42734E9BA862FE0AB3 /* CoreText.framework in Frameworks */ = {isa = PBXBuildFile; fileRef = F5ACCAC00E294E082EB2591D /* CoreText.framework */; };
		D92E10F32C7C0D35CD705CFA /* AssetsLibrary.framework in Frameworks */ = {isa = PBXBuildFile; fileRef = 76D78D8FAE602DCEF8CFB391 /* AssetsLibrary.framework */; };
		E6F2D50783F3488FE3BBE73D /* CoreTelephony.framework in Frameworks */ = {isa = PBXBuildFile; fileRef = 725CF29F22673EF1E601DE62 /* CoreTelephony.framework */; };
/* End PBXBuildFile section */

/* Begin PBXContainerItemProxy section */
		53412D5B1ACC9737009CB1AB /* PBXContainerItemProxy */ = {
			isa = PBXContainerItemProxy;
			containerPortal = 53412D391ACC9737009CB1AB /* Project object */;
			proxyType = 1;
			remoteGlobalIDString = 53412D401ACC9737009CB1AB;
			remoteInfo = switch;
		};
/* End PBXContainerItemProxy section */

/* Begin PBXFileReference section */
		180BDACFC3FF723B1D5D55B6 /* UIKit.framework */ = {isa = PBXFileReference; lastKnownFileType = wrapper.framework; name = UIKit.framework; path = Platforms/iPhoneOS.platform/Developer/SDKs/iPhoneOS7.1.sdk/System/Library/Frameworks/UIKit.framework; sourceTree = DEVELOPER_DIR; };
		1C97A2B57B58273CABC6B6DA /* ATConnect.h */ = {isa = PBXFileReference; includeInIndex = 1; lastKnownFileType = sourcecode.c.h; name = ATConnect.h; path = "Vendor/apptentive_ios_sdk-2.0.2/ATConnect.h"; sourceTree = "<group>"; };
		498185214222B58E9B26436A /* Foundation.framework */ = {isa = PBXFileReference; lastKnownFileType = wrapper.framework; name = Foundation.framework; path = Platforms/iPhoneOS.platform/Developer/SDKs/iPhoneOS7.1.sdk/System/Library/Frameworks/Foundation.framework; sourceTree = DEVELOPER_DIR; };
		4AC7C17BF768B5DDFF1F343A /* CHANGELOG.md */ = {isa = PBXFileReference; includeInIndex = 1; lastKnownFileType = net.daringfireball.markdown; name = CHANGELOG.md; path = "Vendor/apptentive_ios_sdk-2.0.2/CHANGELOG.md"; sourceTree = "<group>"; };
		5300FD611AF1AD5F004F0889 /* NewSwitchVC.h */ = {isa = PBXFileReference; fileEncoding = 4; lastKnownFileType = sourcecode.c.h; path = NewSwitchVC.h; sourceTree = "<group>"; };
		5300FD621AF1AD5F004F0889 /* NewSwitchVC.m */ = {isa = PBXFileReference; fileEncoding = 4; lastKnownFileType = sourcecode.c.objc; path = NewSwitchVC.m; sourceTree = "<group>"; };
		53177D8F1AE71B8A00056724 /* HomeVC.h */ = {isa = PBXFileReference; fileEncoding = 4; lastKnownFileType = sourcecode.c.h; path = HomeVC.h; sourceTree = "<group>"; };
		53177D901AE71B8A00056724 /* HomeVC.m */ = {isa = PBXFileReference; fileEncoding = 4; lastKnownFileType = sourcecode.c.objc; path = HomeVC.m; sourceTree = "<group>"; };
		53177D981AE8A75700056724 /* DataManager.h */ = {isa = PBXFileReference; fileEncoding = 4; lastKnownFileType = sourcecode.c.h; path = DataManager.h; sourceTree = "<group>"; };
		53177D991AE8A75700056724 /* DataManager.m */ = {isa = PBXFileReference; fileEncoding = 4; lastKnownFileType = sourcecode.c.objc; path = DataManager.m; sourceTree = "<group>"; };
		53188E2C1AE6F79500AFB44C /* Bolts.framework */ = {isa = PBXFileReference; lastKnownFileType = wrapper.framework; path = Bolts.framework; sourceTree = "<group>"; };
		53188E2D1AE6F79500AFB44C /* Parse.framework */ = {isa = PBXFileReference; lastKnownFileType = wrapper.framework; path = Parse.framework; sourceTree = "<group>"; };
		53188E301AE6F80100AFB44C /* AudioToolbox.framework */ = {isa = PBXFileReference; lastKnownFileType = wrapper.framework; name = AudioToolbox.framework; path = System/Library/Frameworks/AudioToolbox.framework; sourceTree = SDKROOT; };
		53188E311AE6F80100AFB44C /* CFNetwork.framework */ = {isa = PBXFileReference; lastKnownFileType = wrapper.framework; name = CFNetwork.framework; path = System/Library/Frameworks/CFNetwork.framework; sourceTree = SDKROOT; };
		53188E321AE6F80100AFB44C /* CoreGraphics.framework */ = {isa = PBXFileReference; lastKnownFileType = wrapper.framework; name = CoreGraphics.framework; path = System/Library/Frameworks/CoreGraphics.framework; sourceTree = SDKROOT; };
		53188E331AE6F80100AFB44C /* CoreLocation.framework */ = {isa = PBXFileReference; lastKnownFileType = wrapper.framework; name = CoreLocation.framework; path = System/Library/Frameworks/CoreLocation.framework; sourceTree = SDKROOT; };
		53188E341AE6F80100AFB44C /* libsqlite3.dylib */ = {isa = PBXFileReference; lastKnownFileType = "compiled.mach-o.dylib"; name = libsqlite3.dylib; path = usr/lib/libsqlite3.dylib; sourceTree = SDKROOT; };
		53188E351AE6F80100AFB44C /* libz.dylib */ = {isa = PBXFileReference; lastKnownFileType = "compiled.mach-o.dylib"; name = libz.dylib; path = usr/lib/libz.dylib; sourceTree = SDKROOT; };
		53188E361AE6F80100AFB44C /* MobileCoreServices.framework */ = {isa = PBXFileReference; lastKnownFileType = wrapper.framework; name = MobileCoreServices.framework; path = System/Library/Frameworks/MobileCoreServices.framework; sourceTree = SDKROOT; };
		53188E371AE6F80100AFB44C /* QuartzCore.framework */ = {isa = PBXFileReference; lastKnownFileType = wrapper.framework; name = QuartzCore.framework; path = System/Library/Frameworks/QuartzCore.framework; sourceTree = SDKROOT; };
		53188E381AE6F80100AFB44C /* Security.framework */ = {isa = PBXFileReference; lastKnownFileType = wrapper.framework; name = Security.framework; path = System/Library/Frameworks/Security.framework; sourceTree = SDKROOT; };
		53188E391AE6F80100AFB44C /* StoreKit.framework */ = {isa = PBXFileReference; lastKnownFileType = wrapper.framework; name = StoreKit.framework; path = System/Library/Frameworks/StoreKit.framework; sourceTree = SDKROOT; };
		53188E3A1AE6F80100AFB44C /* SystemConfiguration.framework */ = {isa = PBXFileReference; lastKnownFileType = wrapper.framework; name = SystemConfiguration.framework; path = System/Library/Frameworks/SystemConfiguration.framework; sourceTree = SDKROOT; };
		53412D411ACC9737009CB1AB /* switch.app */ = {isa = PBXFileReference; explicitFileType = wrapper.application; includeInIndex = 0; path = switch.app; sourceTree = BUILT_PRODUCTS_DIR; };
		53412D451ACC9737009CB1AB /* Info.plist */ = {isa = PBXFileReference; lastKnownFileType = text.plist.xml; path = Info.plist; sourceTree = "<group>"; };
		53412D461ACC9737009CB1AB /* main.m */ = {isa = PBXFileReference; lastKnownFileType = sourcecode.c.objc; path = main.m; sourceTree = "<group>"; };
		53412D481ACC9737009CB1AB /* AppDelegate.h */ = {isa = PBXFileReference; lastKnownFileType = sourcecode.c.h; path = AppDelegate.h; sourceTree = "<group>"; };
		53412D491ACC9737009CB1AB /* AppDelegate.m */ = {isa = PBXFileReference; lastKnownFileType = sourcecode.c.objc; path = AppDelegate.m; sourceTree = "<group>"; };
		53412D4F1ACC9737009CB1AB /* Base */ = {isa = PBXFileReference; lastKnownFileType = file.storyboard; name = Base; path = Base.lproj/Main.storyboard; sourceTree = "<group>"; };
		53412D511ACC9737009CB1AB /* Images.xcassets */ = {isa = PBXFileReference; lastKnownFileType = folder.assetcatalog; path = Images.xcassets; sourceTree = "<group>"; };
		53412D541ACC9737009CB1AB /* Base */ = {isa = PBXFileReference; lastKnownFileType = file.xib; name = Base; path = Base.lproj/LaunchScreen.xib; sourceTree = "<group>"; };
		53412D5A1ACC9737009CB1AB /* switchTests.xctest */ = {isa = PBXFileReference; explicitFileType = wrapper.cfbundle; includeInIndex = 0; path = switchTests.xctest; sourceTree = BUILT_PRODUCTS_DIR; };
		53412D5F1ACC9737009CB1AB /* Info.plist */ = {isa = PBXFileReference; lastKnownFileType = text.plist.xml; path = Info.plist; sourceTree = "<group>"; };
		53412D601ACC9737009CB1AB /* switchTests.m */ = {isa = PBXFileReference; lastKnownFileType = sourcecode.c.objc; path = switchTests.m; sourceTree = "<group>"; };
		53412D6D1ACCA268009CB1AB /* CoreBluetooth.framework */ = {isa = PBXFileReference; lastKnownFileType = wrapper.framework; name = CoreBluetooth.framework; path = System/Library/Frameworks/CoreBluetooth.framework; sourceTree = SDKROOT; };
		534B4D721BC9C11900AF67E7 /* EngageConnector.h */ = {isa = PBXFileReference; fileEncoding = 4; lastKnownFileType = sourcecode.c.h; path = EngageConnector.h; sourceTree = "<group>"; };
		534B4D731BC9C11900AF67E7 /* EngageConnector.m */ = {isa = PBXFileReference; fileEncoding = 4; lastKnownFileType = sourcecode.c.objc; path = EngageConnector.m; sourceTree = "<group>"; };
		534B4D751BC9C24800AF67E7 /* EngageFunction.h */ = {isa = PBXFileReference; fileEncoding = 4; lastKnownFileType = sourcecode.c.h; path = EngageFunction.h; sourceTree = "<group>"; };
		534B4D761BC9C24800AF67E7 /* EngageFunction.m */ = {isa = PBXFileReference; fileEncoding = 4; lastKnownFileType = sourcecode.c.objc; path = EngageFunction.m; sourceTree = "<group>"; };
		534B4D781BC9C2E500AF67E7 /* EngageSerialCommand.h */ = {isa = PBXFileReference; fileEncoding = 4; lastKnownFileType = sourcecode.c.h; path = EngageSerialCommand.h; sourceTree = "<group>"; };
		534B4D791BC9C2E500AF67E7 /* EngageSerialCommand.m */ = {isa = PBXFileReference; fileEncoding = 4; lastKnownFileType = sourcecode.c.objc; path = EngageSerialCommand.m; sourceTree = "<group>"; };
		534B4D7B1BC9CB1F00AF67E7 /* EngageAccessory.h */ = {isa = PBXFileReference; fileEncoding = 4; lastKnownFileType = sourcecode.c.h; path = EngageAccessory.h; sourceTree = "<group>"; };
		534B4D7C1BC9CB1F00AF67E7 /* EngageAccessory.m */ = {isa = PBXFileReference; fileEncoding = 4; lastKnownFileType = sourcecode.c.objc; path = EngageAccessory.m; sourceTree = "<group>"; };
		536259481BC9AD4C00038B13 /* EngageUnit.h */ = {isa = PBXFileReference; fileEncoding = 4; lastKnownFileType = sourcecode.c.h; path = EngageUnit.h; sourceTree = "<group>"; };
		536259491BC9AD4C00038B13 /* EngageUnit.m */ = {isa = PBXFileReference; fileEncoding = 4; lastKnownFileType = sourcecode.c.objc; path = EngageUnit.m; sourceTree = "<group>"; };
		537DF3AF1AF04AC6005BB1EB /* SwitchEditVC.h */ = {isa = PBXFileReference; fileEncoding = 4; lastKnownFileType = sourcecode.c.h; path = SwitchEditVC.h; sourceTree = "<group>"; };
		537DF3B01AF04AC6005BB1EB /* SwitchEditVC.m */ = {isa = PBXFileReference; fileEncoding = 4; lastKnownFileType = sourcecode.c.objc; path = SwitchEditVC.m; sourceTree = "<group>"; };
		53A73C731B37C46D00424266 /* Accessory.json */ = {isa = PBXFileReference; fileEncoding = 4; lastKnownFileType = text.json; path = Accessory.json; sourceTree = "<group>"; };
		53A73C741B37C46D00424266 /* AccessoryFunction.json */ = {isa = PBXFileReference; fileEncoding = 4; lastKnownFileType = text.json; path = AccessoryFunction.json; sourceTree = "<group>"; };
		53A73C761B37C46D00424266 /* Connector.json */ = {isa = PBXFileReference; fileEncoding = 4; lastKnownFileType = text.json; path = Connector.json; sourceTree = "<group>"; };
		53A73C7B1B37C70B00424266 /* SerialCommand.json */ = {isa = PBXFileReference; fileEncoding = 4; lastKnownFileType = text.json; path = SerialCommand.json; sourceTree = "<group>"; };
		53E825A51ACE073400ADD347 /* BluetoothComm.h */ = {isa = PBXFileReference; fileEncoding = 4; lastKnownFileType = sourcecode.c.h; path = BluetoothComm.h; sourceTree = "<group>"; };
		53E825A61ACE073400ADD347 /* BluetoothComm.m */ = {isa = PBXFileReference; fileEncoding = 4; lastKnownFileType = sourcecode.c.objc; path = BluetoothComm.m; sourceTree = "<group>"; };
		6A347BAE06EB44B48F6A943D /* ApptentiveResources.bundle */ = {isa = PBXFileReference; includeInIndex = 1; lastKnownFileType = "wrapper.plug-in"; name = ApptentiveResources.bundle; path = "Vendor/apptentive_ios_sdk-2.0.2/ApptentiveResources.bundle"; sourceTree = "<group>"; };
		6E64CF7AFECED52495F44211 /* SystemConfiguration.framework */ = {isa = PBXFileReference; lastKnownFileType = wrapper.framework; name = SystemConfiguration.framework; path = Platforms/iPhoneOS.platform/Developer/SDKs/iPhoneOS7.1.sdk/System/Library/Frameworks/SystemConfiguration.framework; sourceTree = DEVELOPER_DIR; };
		6E98CE155F3E8C4D4633C354 /* LICENSE.txt */ = {isa = PBXFileReference; includeInIndex = 1; lastKnownFileType = text; name = LICENSE.txt; path = "Vendor/apptentive_ios_sdk-2.0.2/LICENSE.txt"; sourceTree = "<group>"; };
		725CF29F22673EF1E601DE62 /* CoreTelephony.framework */ = {isa = PBXFileReference; lastKnownFileType = wrapper.framework; name = CoreTelephony.framework; path = Platforms/iPhoneOS.platform/Developer/SDKs/iPhoneOS7.1.sdk/System/Library/Frameworks/CoreTelephony.framework; sourceTree = DEVELOPER_DIR; };
		76D78D8FAE602DCEF8CFB391 /* AssetsLibrary.framework */ = {isa = PBXFileReference; lastKnownFileType = wrapper.framework; name = AssetsLibrary.framework; path = Platforms/iPhoneOS.platform/Developer/SDKs/iPhoneOS7.1.sdk/System/Library/Frameworks/AssetsLibrary.framework; sourceTree = DEVELOPER_DIR; };
		7AD1B6F33823960FD4700E6F /* libApptentiveConnect.a */ = {isa = PBXFileReference; includeInIndex = 1; lastKnownFileType = archive.ar; name = libApptentiveConnect.a; path = "Vendor/apptentive_ios_sdk-2.0.2/libApptentiveConnect.a"; sourceTree = "<group>"; };
		85963531BC476259C1402DDD /* Accelerate.framework */ = {isa = PBXFileReference; lastKnownFileType = wrapper.framework; name = Accelerate.framework; path = Platforms/iPhoneOS.platform/Developer/SDKs/iPhoneOS7.1.sdk/System/Library/Frameworks/Accelerate.framework; sourceTree = DEVELOPER_DIR; };
		954E69E59EA18C3D7B03D880 /* QuartzCore.framework */ = {isa = PBXFileReference; lastKnownFileType = wrapper.framework; name = QuartzCore.framework; path = Platforms/iPhoneOS.platform/Developer/SDKs/iPhoneOS7.1.sdk/System/Library/Frameworks/QuartzCore.framework; sourceTree = DEVELOPER_DIR; };
		95BC1F0D19A6AF82BB815DB5 /* StoreKit.framework */ = {isa = PBXFileReference; lastKnownFileType = wrapper.framework; name = StoreKit.framework; path = Platforms/iPhoneOS.platform/Developer/SDKs/iPhoneOS7.1.sdk/System/Library/Frameworks/StoreKit.framework; sourceTree = DEVELOPER_DIR; };
		9B5CCB7C7BFF8C53AD817C26 /* CoreGraphics.framework */ = {isa = PBXFileReference; lastKnownFileType = wrapper.framework; name = CoreGraphics.framework; path = Platforms/iPhoneOS.platform/Developer/SDKs/iPhoneOS7.1.sdk/System/Library/Frameworks/CoreGraphics.framework; sourceTree = DEVELOPER_DIR; };
		A3EBBAB03CEC38B52F93A9B7 /* CoreData.framework */ = {isa = PBXFileReference; lastKnownFileType = wrapper.framework; name = CoreData.framework; path = Platforms/iPhoneOS.platform/Developer/SDKs/iPhoneOS7.1.sdk/System/Library/Frameworks/CoreData.framework; sourceTree = DEVELOPER_DIR; };
		D61B8D7F3DD78602C4F0CB0E /* README.md */ = {isa = PBXFileReference; includeInIndex = 1; lastKnownFileType = net.daringfireball.markdown; name = README.md; path = "Vendor/apptentive_ios_sdk-2.0.2/README.md"; sourceTree = "<group>"; };
		F5ACCAC00E294E082EB2591D /* CoreText.framework */ = {isa = PBXFileReference; lastKnownFileType = wrapper.framework; name = CoreText.framework; path = Platforms/iPhoneOS.platform/Developer/SDKs/iPhoneOS7.1.sdk/System/Library/Frameworks/CoreText.framework; sourceTree = DEVELOPER_DIR; };
/* End PBXFileReference section */

/* Begin PBXFrameworksBuildPhase section */
		53412D3E1ACC9737009CB1AB /* Frameworks */ = {
			isa = PBXFrameworksBuildPhase;
			buildActionMask = 2147483647;
			files = (
				53188E3B1AE6F80100AFB44C /* AudioToolbox.framework in Frameworks */,
				53188E3C1AE6F80100AFB44C /* CFNetwork.framework in Frameworks */,
				53188E3D1AE6F80100AFB44C /* CoreGraphics.framework in Frameworks */,
				53188E3E1AE6F80100AFB44C /* CoreLocation.framework in Frameworks */,
				53188E3F1AE6F80100AFB44C /* libsqlite3.dylib in Frameworks */,
				53188E401AE6F80100AFB44C /* libz.dylib in Frameworks */,
				53188E411AE6F80100AFB44C /* MobileCoreServices.framework in Frameworks */,
				53188E421AE6F80100AFB44C /* QuartzCore.framework in Frameworks */,
				53188E431AE6F80100AFB44C /* Security.framework in Frameworks */,
				53188E441AE6F80100AFB44C /* StoreKit.framework in Frameworks */,
				53188E451AE6F80100AFB44C /* SystemConfiguration.framework in Frameworks */,
				53412D6E1ACCA268009CB1AB /* CoreBluetooth.framework in Frameworks */,
				53188E2F1AE6F79500AFB44C /* Parse.framework in Frameworks */,
				53188E2E1AE6F79500AFB44C /* Bolts.framework in Frameworks */,
				20FF7CCE0D3FBDCC62E52EBF /* libApptentiveConnect.a in Frameworks */,
				5BE6A696C09DDFA897138D72 /* Accelerate.framework in Frameworks */,
				D92E10F32C7C0D35CD705CFA /* AssetsLibrary.framework in Frameworks */,
				20FDEB7291DC41A5781A50B5 /* CoreData.framework in Frameworks */,
				D5D1AB42734E9BA862FE0AB3 /* CoreText.framework in Frameworks */,
				7215AE6C6171ADB330148009 /* CoreGraphics.framework in Frameworks */,
				E6F2D50783F3488FE3BBE73D /* CoreTelephony.framework in Frameworks */,
				D213EAA6490A7E4818FB16C3 /* Foundation.framework in Frameworks */,
				A79AFB843BFDF1C67A38CE93 /* QuartzCore.framework in Frameworks */,
				1FEE96253574BDC6496EFA38 /* StoreKit.framework in Frameworks */,
				4922FA949EF121D12C08881B /* SystemConfiguration.framework in Frameworks */,
				446CE7D843DF3CFF1E4745D5 /* UIKit.framework in Frameworks */,
			);
			runOnlyForDeploymentPostprocessing = 0;
		};
		53412D571ACC9737009CB1AB /* Frameworks */ = {
			isa = PBXFrameworksBuildPhase;
			buildActionMask = 2147483647;
			files = (
			);
			runOnlyForDeploymentPostprocessing = 0;
		};
/* End PBXFrameworksBuildPhase section */

/* Begin PBXGroup section */
		0CC90717C32B1791957C0BDE /* Vendor */ = {
			isa = PBXGroup;
			children = (
				6A347BAE06EB44B48F6A943D /* ApptentiveResources.bundle */,
				1C97A2B57B58273CABC6B6DA /* ATConnect.h */,
				4AC7C17BF768B5DDFF1F343A /* CHANGELOG.md */,
				7AD1B6F33823960FD4700E6F /* libApptentiveConnect.a */,
				6E98CE155F3E8C4D4633C354 /* LICENSE.txt */,
				D61B8D7F3DD78602C4F0CB0E /* README.md */,
			);
			name = Vendor;
			sourceTree = "<group>";
		};
		53412D381ACC9737009CB1AB = {
			isa = PBXGroup;
			children = (
				53412D431ACC9737009CB1AB /* switch */,
				53412D5D1ACC9737009CB1AB /* switchTests */,
				53412D421ACC9737009CB1AB /* Products */,
				53FD5BEE1AE9C1AC004B0A6F /* Frameworks */,
				0CC90717C32B1791957C0BDE /* Vendor */,
			);
			sourceTree = "<group>";
		};
		53412D421ACC9737009CB1AB /* Products */ = {
			isa = PBXGroup;
			children = (
				53412D411ACC9737009CB1AB /* switch.app */,
				53412D5A1ACC9737009CB1AB /* switchTests.xctest */,
			);
			name = Products;
			sourceTree = "<group>";
		};
		53412D431ACC9737009CB1AB /* switch */ = {
			isa = PBXGroup;
			children = (
				53A73C7B1B37C70B00424266 /* SerialCommand.json */,
				53A73C731B37C46D00424266 /* Accessory.json */,
				53A73C741B37C46D00424266 /* AccessoryFunction.json */,
				53A73C761B37C46D00424266 /* Connector.json */,
				53412D481ACC9737009CB1AB /* AppDelegate.h */,
				53412D491ACC9737009CB1AB /* AppDelegate.m */,
				53177D8F1AE71B8A00056724 /* HomeVC.h */,
				53177D901AE71B8A00056724 /* HomeVC.m */,
				5300FD611AF1AD5F004F0889 /* NewSwitchVC.h */,
				5300FD621AF1AD5F004F0889 /* NewSwitchVC.m */,
				537DF3AF1AF04AC6005BB1EB /* SwitchEditVC.h */,
				537DF3B01AF04AC6005BB1EB /* SwitchEditVC.m */,
				53E825A51ACE073400ADD347 /* BluetoothComm.h */,
				53E825A61ACE073400ADD347 /* BluetoothComm.m */,
				53412D4E1ACC9737009CB1AB /* Main.storyboard */,
				53412D511ACC9737009CB1AB /* Images.xcassets */,
				53412D531ACC9737009CB1AB /* LaunchScreen.xib */,
				53177D981AE8A75700056724 /* DataManager.h */,
				53177D991AE8A75700056724 /* DataManager.m */,
				53412D441ACC9737009CB1AB /* Supporting Files */,
				536259481BC9AD4C00038B13 /* EngageUnit.h */,
				536259491BC9AD4C00038B13 /* EngageUnit.m */,
				534B4D721BC9C11900AF67E7 /* EngageConnector.h */,
				534B4D731BC9C11900AF67E7 /* EngageConnector.m */,
				534B4D751BC9C24800AF67E7 /* EngageFunction.h */,
				534B4D761BC9C24800AF67E7 /* EngageFunction.m */,
				534B4D781BC9C2E500AF67E7 /* EngageSerialCommand.h */,
				534B4D791BC9C2E500AF67E7 /* EngageSerialCommand.m */,
				534B4D7B1BC9CB1F00AF67E7 /* EngageAccessory.h */,
				534B4D7C1BC9CB1F00AF67E7 /* EngageAccessory.m */,
			);
			path = switch;
			sourceTree = "<group>";
		};
		53412D441ACC9737009CB1AB /* Supporting Files */ = {
			isa = PBXGroup;
			children = (
				53412D451ACC9737009CB1AB /* Info.plist */,
				53412D461ACC9737009CB1AB /* main.m */,
			);
			name = "Supporting Files";
			sourceTree = "<group>";
		};
		53412D5D1ACC9737009CB1AB /* switchTests */ = {
			isa = PBXGroup;
			children = (
				53412D601ACC9737009CB1AB /* switchTests.m */,
				53412D5E1ACC9737009CB1AB /* Supporting Files */,
			);
			path = switchTests;
			sourceTree = "<group>";
		};
		53412D5E1ACC9737009CB1AB /* Supporting Files */ = {
			isa = PBXGroup;
			children = (
				53412D5F1ACC9737009CB1AB /* Info.plist */,
			);
			name = "Supporting Files";
			sourceTree = "<group>";
		};
		53FD5BEE1AE9C1AC004B0A6F /* Frameworks */ = {
			isa = PBXGroup;
			children = (
				53188E301AE6F80100AFB44C /* AudioToolbox.framework */,
				53188E311AE6F80100AFB44C /* CFNetwork.framework */,
				53188E321AE6F80100AFB44C /* CoreGraphics.framework */,
				53188E331AE6F80100AFB44C /* CoreLocation.framework */,
				53188E341AE6F80100AFB44C /* libsqlite3.dylib */,
				53188E351AE6F80100AFB44C /* libz.dylib */,
				53188E361AE6F80100AFB44C /* MobileCoreServices.framework */,
				53188E371AE6F80100AFB44C /* QuartzCore.framework */,
				53188E381AE6F80100AFB44C /* Security.framework */,
				53188E391AE6F80100AFB44C /* StoreKit.framework */,
				53188E3A1AE6F80100AFB44C /* SystemConfiguration.framework */,
				53188E2C1AE6F79500AFB44C /* Bolts.framework */,
				53188E2D1AE6F79500AFB44C /* Parse.framework */,
				53412D6D1ACCA268009CB1AB /* CoreBluetooth.framework */,
				9B705049F74C5A961EEDCCB7 /* iOS */,
			);
			name = Frameworks;
			sourceTree = "<group>";
		};
		9B705049F74C5A961EEDCCB7 /* iOS */ = {
			isa = PBXGroup;
			children = (
				85963531BC476259C1402DDD /* Accelerate.framework */,
				76D78D8FAE602DCEF8CFB391 /* AssetsLibrary.framework */,
				A3EBBAB03CEC38B52F93A9B7 /* CoreData.framework */,
				F5ACCAC00E294E082EB2591D /* CoreText.framework */,
				9B5CCB7C7BFF8C53AD817C26 /* CoreGraphics.framework */,
				725CF29F22673EF1E601DE62 /* CoreTelephony.framework */,
				498185214222B58E9B26436A /* Foundation.framework */,
				954E69E59EA18C3D7B03D880 /* QuartzCore.framework */,
				95BC1F0D19A6AF82BB815DB5 /* StoreKit.framework */,
				6E64CF7AFECED52495F44211 /* SystemConfiguration.framework */,
				180BDACFC3FF723B1D5D55B6 /* UIKit.framework */,
			);
			name = iOS;
			sourceTree = "<group>";
		};
/* End PBXGroup section */

/* Begin PBXHeadersBuildPhase section */
		92DEF2ABF9CE6AB2E5A9630B /* Headers */ = {
			isa = PBXHeadersBuildPhase;
			buildActionMask = 2147483647;
			files = (
				1F6E5ACC44DCC26165C4CA97 /* ATConnect.h in Headers */,
			);
			runOnlyForDeploymentPostprocessing = 0;
		};
/* End PBXHeadersBuildPhase section */

/* Begin PBXNativeTarget section */
		53412D401ACC9737009CB1AB /* switch */ = {
			isa = PBXNativeTarget;
			buildConfigurationList = 53412D641ACC9737009CB1AB /* Build configuration list for PBXNativeTarget "switch" */;
			buildPhases = (
				53412D3D1ACC9737009CB1AB /* Sources */,
				53412D3E1ACC9737009CB1AB /* Frameworks */,
				53412D3F1ACC9737009CB1AB /* Resources */,
				92DEF2ABF9CE6AB2E5A9630B /* Headers */,
			);
			buildRules = (
			);
			dependencies = (
			);
			name = switch;
			productName = switch;
			productReference = 53412D411ACC9737009CB1AB /* switch.app */;
			productType = "com.apple.product-type.application";
		};
		53412D591ACC9737009CB1AB /* switchTests */ = {
			isa = PBXNativeTarget;
			buildConfigurationList = 53412D671ACC9737009CB1AB /* Build configuration list for PBXNativeTarget "switchTests" */;
			buildPhases = (
				53412D561ACC9737009CB1AB /* Sources */,
				53412D571ACC9737009CB1AB /* Frameworks */,
				53412D581ACC9737009CB1AB /* Resources */,
			);
			buildRules = (
			);
			dependencies = (
				53412D5C1ACC9737009CB1AB /* PBXTargetDependency */,
			);
			name = switchTests;
			productName = switchTests;
			productReference = 53412D5A1ACC9737009CB1AB /* switchTests.xctest */;
			productType = "com.apple.product-type.bundle.unit-test";
		};
/* End PBXNativeTarget section */

/* Begin PBXProject section */
		53412D391ACC9737009CB1AB /* Project object */ = {
			isa = PBXProject;
			attributes = {
				LastUpgradeCheck = 0620;
				ORGANIZATIONNAME = BTS;
				TargetAttributes = {
					53412D401ACC9737009CB1AB = {
						CreatedOnToolsVersion = 6.2;
						DevelopmentTeam = APF8GW8A33;
					};
					53412D591ACC9737009CB1AB = {
						CreatedOnToolsVersion = 6.2;
						TestTargetID = 53412D401ACC9737009CB1AB;
					};
				};
			};
			buildConfigurationList = 53412D3C1ACC9737009CB1AB /* Build configuration list for PBXProject "switch" */;
			compatibilityVersion = "Xcode 3.2";
			developmentRegion = English;
			hasScannedForEncodings = 0;
			knownRegions = (
				en,
				Base,
			);
			mainGroup = 53412D381ACC9737009CB1AB;
			productRefGroup = 53412D421ACC9737009CB1AB /* Products */;
			projectDirPath = "";
			projectRoot = "";
			targets = (
				53412D401ACC9737009CB1AB /* switch */,
				53412D591ACC9737009CB1AB /* switchTests */,
			);
		};
/* End PBXProject section */

/* Begin PBXResourcesBuildPhase section */
		53412D3F1ACC9737009CB1AB /* Resources */ = {
			isa = PBXResourcesBuildPhase;
			buildActionMask = 2147483647;
			files = (
				53412D501ACC9737009CB1AB /* Main.storyboard in Resources */,
				53A73C7C1B37C70B00424266 /* SerialCommand.json in Resources */,
				53A73C7A1B37C46D00424266 /* Connector.json in Resources */,
				53412D551ACC9737009CB1AB /* LaunchScreen.xib in Resources */,
				53A73C771B37C46D00424266 /* Accessory.json in Resources */,
				53412D521ACC9737009CB1AB /* Images.xcassets in Resources */,
				53A73C781B37C46D00424266 /* AccessoryFunction.json in Resources */,
				688863C4B1D62ECBD476BBC4 /* ApptentiveResources.bundle in Resources */,
			);
			runOnlyForDeploymentPostprocessing = 0;
		};
		53412D581ACC9737009CB1AB /* Resources */ = {
			isa = PBXResourcesBuildPhase;
			buildActionMask = 2147483647;
			files = (
			);
			runOnlyForDeploymentPostprocessing = 0;
		};
/* End PBXResourcesBuildPhase section */

/* Begin PBXSourcesBuildPhase section */
		53412D3D1ACC9737009CB1AB /* Sources */ = {
			isa = PBXSourcesBuildPhase;
			buildActionMask = 2147483647;
			files = (
				534B4D771BC9C24800AF67E7 /* EngageFunction.m in Sources */,
				5362594A1BC9AD4C00038B13 /* EngageUnit.m in Sources */,
				53412D4A1ACC9737009CB1AB /* AppDelegate.m in Sources */,
				53177D911AE71B8A00056724 /* HomeVC.m in Sources */,
				534B4D7D1BC9CB1F00AF67E7 /* EngageAccessory.m in Sources */,
				53412D471ACC9737009CB1AB /* main.m in Sources */,
				534B4D7A1BC9C2E500AF67E7 /* EngageSerialCommand.m in Sources */,
				53177D9A1AE8A75700056724 /* DataManager.m in Sources */,
				534B4D741BC9C11900AF67E7 /* EngageConnector.m in Sources */,
				537DF3B11AF04AC6005BB1EB /* SwitchEditVC.m in Sources */,
				5300FD631AF1AD5F004F0889 /* NewSwitchVC.m in Sources */,
				53E825A71ACE073400ADD347 /* BluetoothComm.m in Sources */,
				9D85BE64943F41255B9DCD00 /* CHANGELOG.md in Sources */,
				5B81003DCE8361AE635755DB /* LICENSE.txt in Sources */,
				4CA436E7320E6235D2CB402B /* README.md in Sources */,
			);
			runOnlyForDeploymentPostprocessing = 0;
		};
		53412D561ACC9737009CB1AB /* Sources */ = {
			isa = PBXSourcesBuildPhase;
			buildActionMask = 2147483647;
			files = (
				53412D611ACC9737009CB1AB /* switchTests.m in Sources */,
			);
			runOnlyForDeploymentPostprocessing = 0;
		};
/* End PBXSourcesBuildPhase section */

/* Begin PBXTargetDependency section */
		53412D5C1ACC9737009CB1AB /* PBXTargetDependency */ = {
			isa = PBXTargetDependency;
			target = 53412D401ACC9737009CB1AB /* switch */;
			targetProxy = 53412D5B1ACC9737009CB1AB /* PBXContainerItemProxy */;
		};
/* End PBXTargetDependency section */

/* Begin PBXVariantGroup section */
		53412D4E1ACC9737009CB1AB /* Main.storyboard */ = {
			isa = PBXVariantGroup;
			children = (
				53412D4F1ACC9737009CB1AB /* Base */,
			);
			name = Main.storyboard;
			sourceTree = "<group>";
		};
		53412D531ACC9737009CB1AB /* LaunchScreen.xib */ = {
			isa = PBXVariantGroup;
			children = (
				53412D541ACC9737009CB1AB /* Base */,
			);
			name = LaunchScreen.xib;
			sourceTree = "<group>";
		};
/* End PBXVariantGroup section */

/* Begin XCBuildConfiguration section */
		53412D621ACC9737009CB1AB /* Debug */ = {
			isa = XCBuildConfiguration;
			buildSettings = {
				ALWAYS_SEARCH_USER_PATHS = NO;
				CLANG_CXX_LANGUAGE_STANDARD = "gnu++0x";
				CLANG_CXX_LIBRARY = "libc++";
				CLANG_ENABLE_MODULES = YES;
				CLANG_ENABLE_OBJC_ARC = YES;
				CLANG_WARN_BOOL_CONVERSION = YES;
				CLANG_WARN_CONSTANT_CONVERSION = YES;
				CLANG_WARN_DIRECT_OBJC_ISA_USAGE = YES_ERROR;
				CLANG_WARN_EMPTY_BODY = YES;
				CLANG_WARN_ENUM_CONVERSION = YES;
				CLANG_WARN_INT_CONVERSION = YES;
				CLANG_WARN_OBJC_ROOT_CLASS = YES_ERROR;
				CLANG_WARN_UNREACHABLE_CODE = YES;
				CLANG_WARN__DUPLICATE_METHOD_MATCH = YES;
				"CODE_SIGN_IDENTITY[sdk=iphoneos*]" = "iPhone Developer";
				COPY_PHASE_STRIP = NO;
				ENABLE_STRICT_OBJC_MSGSEND = YES;
				GCC_C_LANGUAGE_STANDARD = gnu99;
				GCC_DYNAMIC_NO_PIC = NO;
				GCC_OPTIMIZATION_LEVEL = 0;
				GCC_PREPROCESSOR_DEFINITIONS = (
					"DEBUG=1",
					"$(inherited)",
				);
				GCC_SYMBOLS_PRIVATE_EXTERN = NO;
				GCC_WARN_64_TO_32_BIT_CONVERSION = YES;
				GCC_WARN_ABOUT_RETURN_TYPE = YES_ERROR;
				GCC_WARN_UNDECLARED_SELECTOR = YES;
				GCC_WARN_UNINITIALIZED_AUTOS = YES_AGGRESSIVE;
				GCC_WARN_UNUSED_FUNCTION = YES;
				GCC_WARN_UNUSED_VARIABLE = YES;
				IPHONEOS_DEPLOYMENT_TARGET = 8.2;
				MTL_ENABLE_DEBUG_INFO = YES;
				ONLY_ACTIVE_ARCH = YES;
				SDKROOT = iphoneos;
			};
			name = Debug;
		};
		53412D631ACC9737009CB1AB /* Release */ = {
			isa = XCBuildConfiguration;
			buildSettings = {
				ALWAYS_SEARCH_USER_PATHS = NO;
				CLANG_CXX_LANGUAGE_STANDARD = "gnu++0x";
				CLANG_CXX_LIBRARY = "libc++";
				CLANG_ENABLE_MODULES = YES;
				CLANG_ENABLE_OBJC_ARC = YES;
				CLANG_WARN_BOOL_CONVERSION = YES;
				CLANG_WARN_CONSTANT_CONVERSION = YES;
				CLANG_WARN_DIRECT_OBJC_ISA_USAGE = YES_ERROR;
				CLANG_WARN_EMPTY_BODY = YES;
				CLANG_WARN_ENUM_CONVERSION = YES;
				CLANG_WARN_INT_CONVERSION = YES;
				CLANG_WARN_OBJC_ROOT_CLASS = YES_ERROR;
				CLANG_WARN_UNREACHABLE_CODE = YES;
				CLANG_WARN__DUPLICATE_METHOD_MATCH = YES;
				"CODE_SIGN_IDENTITY[sdk=iphoneos*]" = "iPhone Developer";
				COPY_PHASE_STRIP = NO;
				ENABLE_NS_ASSERTIONS = NO;
				ENABLE_STRICT_OBJC_MSGSEND = YES;
				GCC_C_LANGUAGE_STANDARD = gnu99;
				GCC_WARN_64_TO_32_BIT_CONVERSION = YES;
				GCC_WARN_ABOUT_RETURN_TYPE = YES_ERROR;
				GCC_WARN_UNDECLARED_SELECTOR = YES;
				GCC_WARN_UNINITIALIZED_AUTOS = YES_AGGRESSIVE;
				GCC_WARN_UNUSED_FUNCTION = YES;
				GCC_WARN_UNUSED_VARIABLE = YES;
				IPHONEOS_DEPLOYMENT_TARGET = 8.2;
				MTL_ENABLE_DEBUG_INFO = NO;
				SDKROOT = iphoneos;
				VALIDATE_PRODUCT = YES;
			};
			name = Release;
		};
		53412D651ACC9737009CB1AB /* Debug */ = {
			isa = XCBuildConfiguration;
			buildSettings = {
				ASSETCATALOG_COMPILER_APPICON_NAME = AppIcon;
				ASSETCATALOG_COMPILER_LAUNCHIMAGE_NAME = LaunchImage;
				CODE_SIGN_IDENTITY = "iPhone Developer";
				ENABLE_BITCODE = NO;
				FRAMEWORK_SEARCH_PATHS = (
					"$(inherited)",
					"$(PROJECT_DIR)",
				);
				INFOPLIST_FILE = switch/Info.plist;
				LD_RUNPATH_SEARCH_PATHS = "$(inherited) @executable_path/Frameworks";
				LIBRARY_SEARCH_PATHS = (
					"$(inherited)",
					"$(PROJECT_DIR)/Vendor/apptentive_ios_sdk-2.0.2",
				);
				OTHER_LDFLAGS = (
					"-ObjC",
					"-all_load",
				);
				PRODUCT_NAME = "$(TARGET_NAME)";
			};
			name = Debug;
		};
		53412D661ACC9737009CB1AB /* Release */ = {
			isa = XCBuildConfiguration;
			buildSettings = {
				ASSETCATALOG_COMPILER_APPICON_NAME = AppIcon;
				ASSETCATALOG_COMPILER_LAUNCHIMAGE_NAME = LaunchImage;
				CODE_SIGN_IDENTITY = "iPhone Developer";
				ENABLE_BITCODE = NO;
				FRAMEWORK_SEARCH_PATHS = (
					"$(inherited)",
					"$(PROJECT_DIR)",
				);
				INFOPLIST_FILE = switch/Info.plist;
				LD_RUNPATH_SEARCH_PATHS = "$(inherited) @executable_path/Frameworks";
				LIBRARY_SEARCH_PATHS = (
					"$(inherited)",
					"$(PROJECT_DIR)/Vendor/apptentive_ios_sdk-2.0.2",
				);
				OTHER_LDFLAGS = (
					"-ObjC",
					"-all_load",
				);
				PRODUCT_NAME = "$(TARGET_NAME)";
			};
			name = Release;
		};
		53412D681ACC9737009CB1AB /* Debug */ = {
			isa = XCBuildConfiguration;
			buildSettings = {
				BUNDLE_LOADER = "$(TEST_HOST)";
				FRAMEWORK_SEARCH_PATHS = (
					"$(SDKROOT)/Developer/Library/Frameworks",
					"$(inherited)",
				);
				GCC_PREPROCESSOR_DEFINITIONS = (
					"DEBUG=1",
					"$(inherited)",
				);
				INFOPLIST_FILE = switchTests/Info.plist;
				LD_RUNPATH_SEARCH_PATHS = "$(inherited) @executable_path/Frameworks @loader_path/Frameworks";
				PRODUCT_NAME = "$(TARGET_NAME)";
				TEST_HOST = "$(BUILT_PRODUCTS_DIR)/switch.app/switch";
			};
			name = Debug;
		};
		53412D691ACC9737009CB1AB /* Release */ = {
			isa = XCBuildConfiguration;
			buildSettings = {
				BUNDLE_LOADER = "$(TEST_HOST)";
				FRAMEWORK_SEARCH_PATHS = (
					"$(SDKROOT)/Developer/Library/Frameworks",
					"$(inherited)",
				);
				INFOPLIST_FILE = switchTests/Info.plist;
				LD_RUNPATH_SEARCH_PATHS = "$(inherited) @executable_path/Frameworks @loader_path/Frameworks";
				PRODUCT_NAME = "$(TARGET_NAME)";
				TEST_HOST = "$(BUILT_PRODUCTS_DIR)/switch.app/switch";
			};
			name = Release;
		};
/* End XCBuildConfiguration section */

/* Begin XCConfigurationList section */
		53412D3C1ACC9737009CB1AB /* Build configuration list for PBXProject "switch" */ = {
			isa = XCConfigurationList;
			buildConfigurations = (
				53412D621ACC9737009CB1AB /* Debug */,
				53412D631ACC9737009CB1AB /* Release */,
			);
			defaultConfigurationIsVisible = 0;
			defaultConfigurationName = Release;
		};
		53412D641ACC9737009CB1AB /* Build configuration list for PBXNativeTarget "switch" */ = {
			isa = XCConfigurationList;
			buildConfigurations = (
				53412D651ACC9737009CB1AB /* Debug */,
				53412D661ACC9737009CB1AB /* Release */,
			);
			defaultConfigurationIsVisible = 0;
			defaultConfigurationName = Release;
		};
		53412D671ACC9737009CB1AB /* Build configuration list for PBXNativeTarget "switchTests" */ = {
			isa = XCConfigurationList;
			buildConfigurations = (
				53412D681ACC9737009CB1AB /* Debug */,
				53412D691ACC9737009CB1AB /* Release */,
			);
			defaultConfigurationIsVisible = 0;
			defaultConfigurationName = Release;
		};
/* End XCConfigurationList section */
	};
	rootObject = 53412D391ACC9737009CB1AB /* Project object */;
}
